{
  "name": "import-test",
  "lockfileVersion": 3,
  "requires": true,
  "packages": {
    "": {
      "name": "import-test",
      "dependencies": {
        "aes-cmac": "^4.0.1-beta.1"
      }
    },
    "node_modules/aes-cmac": {
      "version": "4.0.1-beta.1",
      "resolved": "https://registry.npmjs.org/aes-cmac/-/aes-cmac-4.0.1-beta.1.tgz",
      "integrity": "sha512-gU1f7/cPZtOPV5JAzIHmTP0KlZEM5JFIEwlOzs+v/vihP8BIthtByowHa2wkXniGDMYeMKLBxY58+NHUr2r4xg==",
      "license": "MIT",
      "engines": {
        "node": ">=20.19.2"
      }
    }
  }
}
